// !$*UTF8*$!
{
	archiveVersion = 1;
	classes = {
	};
	objectVersion = 46;
	objects = {

/* Begin PBXBuildFile section */
		7D1EDCFF1C7F7F1E00CAFF19 /* AppDelegate.swift in Sources */ = {isa = PBXBuildFile; fileRef = 7D1EDCFE1C7F7F1E00CAFF19 /* AppDelegate.swift */; };
		7D1EDD011C7F7F1E00CAFF19 /* ViewController.swift in Sources */ = {isa = PBXBuildFile; fileRef = 7D1EDD001C7F7F1E00CAFF19 /* ViewController.swift */; };
		7D1EDD041C7F7F1E00CAFF19 /* Main.storyboard in Resources */ = {isa = PBXBuildFile; fileRef = 7D1EDD021C7F7F1E00CAFF19 /* Main.storyboard */; };
		7D1EDD061C7F7F1E00CAFF19 /* Assets.xcassets in Resources */ = {isa = PBXBuildFile; fileRef = 7D1EDD051C7F7F1E00CAFF19 /* Assets.xcassets */; };
		7D1EDD091C7F7F1E00CAFF19 /* LaunchScreen.storyboard in Resources */ = {isa = PBXBuildFile; fileRef = 7D1EDD071C7F7F1E00CAFF19 /* LaunchScreen.storyboard */; };
		7D1EDD141C7F7F1E00CAFF19 /* AlarmClockPracTests.swift in Sources */ = {isa = PBXBuildFile; fileRef = 7D1EDD131C7F7F1E00CAFF19 /* AlarmClockPracTests.swift */; };
		7D1EDD1F1C7F7F1E00CAFF19 /* AlarmClockPracUITests.swift in Sources */ = {isa = PBXBuildFile; fileRef = 7D1EDD1E1C7F7F1E00CAFF19 /* AlarmClockPracUITests.swift */; };
/* End PBXBuildFile section */

/* Begin PBXContainerItemProxy section */
		7D1EDD101C7F7F1E00CAFF19 /* PBXContainerItemProxy */ = {
			isa = PBXContainerItemProxy;
			containerPortal = 7D1EDCF31C7F7F1E00CAFF19 /* Project object */;
			proxyType = 1;
			remoteGlobalIDString = 7D1EDCFA1C7F7F1E00CAFF19;
			remoteInfo = AlarmClockPrac;
		};
		7D1EDD1B1C7F7F1E00CAFF19 /* PBXContainerItemProxy */ = {
			isa = PBXContainerItemProxy;
			containerPortal = 7D1EDCF31C7F7F1E00CAFF19 /* Project object */;
			proxyType = 1;
			remoteGlobalIDString = 7D1EDCFA1C7F7F1E00CAFF19;
			remoteInfo = AlarmClockPrac;
		};
/* End PBXContainerItemProxy section */

/* Begin PBXFileReference section */
		7D1EDCFB1C7F7F1E00CAFF19 /* AlarmClockPrac.app */ = {isa = PBXFileReference; explicitFileType = wrapper.application; includeInIndex = 0; path = AlarmClockPrac.app; sourceTree = BUILT_PRODUCTS_DIR; };
		7D1EDCFE1C7F7F1E00CAFF19 /* AppDelegate.swift */ = {isa = PBXFileReference; lastKnownFileType = sourcecode.swift; path = AppDelegate.swift; sourceTree = "<group>"; };
		7D1EDD001C7F7F1E00CAFF19 /* ViewController.swift */ = {isa = PBXFileReference; lastKnownFileType = sourcecode.swift; path = ViewController.swift; sourceTree = "<group>"; };
		7D1EDD031C7F7F1E00CAFF19 /* Base */ = {isa = PBXFileReference; lastKnownFileType = file.storyboard; name = Base; path = Base.lproj/Main.storyboard; sourceTree = "<group>"; };
		7D1EDD051C7F7F1E00CAFF19 /* Assets.xcassets */ = {isa = PBXFileReference; lastKnownFileType = folder.assetcatalog; path = Assets.xcassets; sourceTree = "<group>"; };
		7D1EDD081C7F7F1E00CAFF19 /* Base */ = {isa = PBXFileReference; lastKnownFileType = file.storyboard; name = Base; path = Base.lproj/LaunchScreen.storyboard; sourceTree = "<group>"; };
		7D1EDD0A1C7F7F1E00CAFF19 /* Info.plist */ = {isa = PBXFileReference; lastKnownFileType = text.plist.xml; path = Info.plist; sourceTree = "<group>"; };
		7D1EDD0F1C7F7F1E00CAFF19 /* AlarmClockPracTests.xctest */ = {isa = PBXFileReference; explicitFileType = wrapper.cfbundle; includeInIndex = 0; path = AlarmClockPracTests.xctest; sourceTree = BUILT_PRODUCTS_DIR; };
		7D1EDD131C7F7F1E00CAFF19 /* AlarmClockPracTests.swift */ = {isa = PBXFileReference; lastKnownFileType = sourcecode.swift; path = AlarmClockPracTests.swift; sourceTree = "<group>"; };
		7D1EDD151C7F7F1E00CAFF19 /* Info.plist */ = {isa = PBXFileReference; lastKnownFileType = text.plist.xml; path = Info.plist; sourceTree = "<group>"; };
		7D1EDD1A1C7F7F1E00CAFF19 /* AlarmClockPracUITests.xctest */ = {isa = PBXFileReference; explicitFileType = wrapper.cfbundle; includeInIndex = 0; path = AlarmClockPracUITests.xctest; sourceTree = BUILT_PRODUCTS_DIR; };
		7D1EDD1E1C7F7F1E00CAFF19 /* AlarmClockPracUITests.swift */ = {isa = PBXFileReference; lastKnownFileType = sourcecode.swift; path = AlarmClockPracUITests.swift; sourceTree = "<group>"; };
		7D1EDD201C7F7F1E00CAFF19 /* Info.plist */ = {isa = PBXFileReference; lastKnownFileType = text.plist.xml; path = Info.plist; sourceTree = "<group>"; };
/* End PBXFileReference section */

/* Begin PBXFrameworksBuildPhase section */
		7D1EDCF81C7F7F1E00CAFF19 /* Frameworks */ = {
			isa = PBXFrameworksBuildPhase;
			buildActionMask = 2147483647;
			files = (
			);
			runOnlyForDeploymentPostprocessing = 0;
		};
		7D1EDD0C1C7F7F1E00CAFF19 /* Frameworks */ = {
			isa = PBXFrameworksBuildPhase;
			buildActionMask = 2147483647;
			files = (
			);
			runOnlyForDeploymentPostprocessing = 0;
		};
		7D1EDD171C7F7F1E00CAFF19 /* Frameworks */ = {
			isa = PBXFrameworksBuildPhase;
			buildActionMask = 2147483647;
			files = (
			);
			runOnlyForDeploymentPostprocessing = 0;
		};
/* End PBXFrameworksBuildPhase section */

/* Begin PBXGroup section */
		7D1EDCF21C7F7F1E00CAFF19 = {
			isa = PBXGroup;
			children = (
				7D1EDCFD1C7F7F1E00CAFF19 /* AlarmClockPrac */,
				7D1EDD121C7F7F1E00CAFF19 /* AlarmClockPracTests */,
				7D1EDD1D1C7F7F1E00CAFF19 /* AlarmClockPracUITests */,
				7D1EDCFC1C7F7F1E00CAFF19 /* Products */,
			);
			sourceTree = "<group>";
		};
		7D1EDCFC1C7F7F1E00CAFF19 /* Products */ = {
			isa = PBXGroup;
			children = (
				7D1EDCFB1C7F7F1E00CAFF19 /* AlarmClockPrac.app */,
				7D1EDD0F1C7F7F1E00CAFF19 /* AlarmClockPracTests.xctest */,
				7D1EDD1A1C7F7F1E00CAFF19 /* AlarmClockPracUITests.xctest */,
			);
			name = Products;
			sourceTree = "<group>";
		};
		7D1EDCFD1C7F7F1E00CAFF19 /* AlarmClockPrac */ = {
			isa = PBXGroup;
			children = (
				7D1EDCFE1C7F7F1E00CAFF19 /* AppDelegate.swift */,
				7D1EDD001C7F7F1E00CAFF19 /* ViewController.swift */,
				7D1EDD021C7F7F1E00CAFF19 /* Main.storyboard */,
				7D1EDD051C7F7F1E00CAFF19 /* Assets.xcassets */,
				7D1EDD071C7F7F1E00CAFF19 /* LaunchScreen.storyboard */,
				7D1EDD0A1C7F7F1E00CAFF19 /* Info.plist */,
			);
			path = AlarmClockPrac;
			sourceTree = "<group>";
		};
		7D1EDD121C7F7F1E00CAFF19 /* AlarmClockPracTests */ = {
			isa = PBXGroup;
			children = (
				7D1EDD131C7F7F1E00CAFF19 /* AlarmClockPracTests.swift */,
				7D1EDD151C7F7F1E00CAFF19 /* Info.plist */,
			);
			path = AlarmClockPracTests;
			sourceTree = "<group>";
		};
		7D1EDD1D1C7F7F1E00CAFF19 /* AlarmClockPracUITests */ = {
			isa = PBXGroup;
			children = (
				7D1EDD1E1C7F7F1E00CAFF19 /* AlarmClockPracUITests.swift */,
				7D1EDD201C7F7F1E00CAFF19 /* Info.plist */,
			);
			path = AlarmClockPracUITests;
			sourceTree = "<group>";
		};
/* End PBXGroup section */

/* Begin PBXNativeTarget section */
		7D1EDCFA1C7F7F1E00CAFF19 /* AlarmClockPrac */ = {
			isa = PBXNativeTarget;
			buildConfigurationList = 7D1EDD231C7F7F1E00CAFF19 /* Build configuration list for PBXNativeTarget "AlarmClockPrac" */;
			buildPhases = (
				7D1EDCF71C7F7F1E00CAFF19 /* Sources */,
				7D1EDCF81C7F7F1E00CAFF19 /* Frameworks */,
				7D1EDCF91C7F7F1E00CAFF19 /* Resources */,
			);
			buildRules = (
			);
			dependencies = (
			);
			name = AlarmClockPrac;
			productName = AlarmClockPrac;
			productReference = 7D1EDCFB1C7F7F1E00CAFF19 /* AlarmClockPrac.app */;
			productType = "com.apple.product-type.application";
		};
		7D1EDD0E1C7F7F1E00CAFF19 /* AlarmClockPracTests */ = {
			isa = PBXNativeTarget;
			buildConfigurationList = 7D1EDD261C7F7F1E00CAFF19 /* Build configuration list for PBXNativeTarget "AlarmClockPracTests" */;
			buildPhases = (
				7D1EDD0B1C7F7F1E00CAFF19 /* Sources */,
				7D1EDD0C1C7F7F1E00CAFF19 /* Frameworks */,
				7D1EDD0D1C7F7F1E00CAFF19 /* Resources */,
			);
			buildRules = (
			);
			dependencies = (
				7D1EDD111C7F7F1E00CAFF19 /* PBXTargetDependency */,
			);
			name = AlarmClockPracTests;
			productName = AlarmClockPracTests;
			productReference = 7D1EDD0F1C7F7F1E00CAFF19 /* AlarmClockPracTests.xctest */;
			productType = "com.apple.product-type.bundle.unit-test";
		};
		7D1EDD191C7F7F1E00CAFF19 /* AlarmClockPracUITests */ = {
			isa = PBXNativeTarget;
			buildConfigurationList = 7D1EDD291C7F7F1E00CAFF19 /* Build configuration list for PBXNativeTarget "AlarmClockPracUITests" */;
			buildPhases = (
				7D1EDD161C7F7F1E00CAFF19 /* Sources */,
				7D1EDD171C7F7F1E00CAFF19 /* Frameworks */,
				7D1EDD181C7F7F1E00CAFF19 /* Resources */,
			);
			buildRules = (
			);
			dependencies = (
				7D1EDD1C1C7F7F1E00CAFF19 /* PBXTargetDependency */,
			);
			name = AlarmClockPracUITests;
			productName = AlarmClockPracUITests;
			productReference = 7D1EDD1A1C7F7F1E00CAFF19 /* AlarmClockPracUITests.xctest */;
			productType = "com.apple.product-type.bundle.ui-testing";
		};
/* End PBXNativeTarget section */

/* Begin PBXProject section */
		7D1EDCF31C7F7F1E00CAFF19 /* Project object */ = {
			isa = PBXProject;
			attributes = {
				LastSwiftUpdateCheck = 0720;
				LastUpgradeCheck = 0720;
				ORGANIZATIONNAME = "Nathaniel PiSierra";
				TargetAttributes = {
					7D1EDCFA1C7F7F1E00CAFF19 = {
						CreatedOnToolsVersion = 7.2;
						DevelopmentTeam = 9258A8T4HT;
					};
					7D1EDD0E1C7F7F1E00CAFF19 = {
						CreatedOnToolsVersion = 7.2;
						DevelopmentTeam = 9258A8T4HT;
						TestTargetID = 7D1EDCFA1C7F7F1E00CAFF19;
					};
					7D1EDD191C7F7F1E00CAFF19 = {
						CreatedOnToolsVersion = 7.2;
						DevelopmentTeam = 9258A8T4HT;
						TestTargetID = 7D1EDCFA1C7F7F1E00CAFF19;
					};
				};
			};
			buildConfigurationList = 7D1EDCF61C7F7F1E00CAFF19 /* Build configuration list for PBXProject "AlarmClockPrac" */;
			compatibilityVersion = "Xcode 3.2";
			developmentRegion = English;
			hasScannedForEncodings = 0;
			knownRegions = (
				en,
				Base,
			);
			mainGroup = 7D1EDCF21C7F7F1E00CAFF19;
			productRefGroup = 7D1EDCFC1C7F7F1E00CAFF19 /* Products */;
			projectDirPath = "";
			projectRoot = "";
			targets = (
				7D1EDCFA1C7F7F1E00CAFF19 /* AlarmClockPrac */,
				7D1EDD0E1C7F7F1E00CAFF19 /* AlarmClockPracTests */,
				7D1EDD191C7F7F1E00CAFF19 /* AlarmClockPracUITests */,
			);
		};
/* End PBXProject section */

/* Begin PBXResourcesBuildPhase section */
		7D1EDCF91C7F7F1E00CAFF19 /* Resources */ = {
			isa = PBXResourcesBuildPhase;
			buildActionMask = 2147483647;
			files = (
				7D1EDD091C7F7F1E00CAFF19 /* LaunchScreen.storyboard in Resources */,
				7D1EDD061C7F7F1E00CAFF19 /* Assets.xcassets in Resources */,
				7D1EDD041C7F7F1E00CAFF19 /* Main.storyboard in Resources */,
			);
			runOnlyForDeploymentPostprocessing = 0;
		};
		7D1EDD0D1C7F7F1E00CAFF19 /* Resources */ = {
			isa = PBXResourcesBuildPhase;
			buildActionMask = 2147483647;
			files = (
			);
			runOnlyForDeploymentPostprocessing = 0;
		};
		7D1EDD181C7F7F1E00CAFF19 /* Resources */ = {
			isa = PBXResourcesBuildPhase;
			buildActionMask = 2147483647;
			files = (
			);
			runOnlyForDeploymentPostprocessing = 0;
		};
/* End PBXResourcesBuildPhase section */

/* Begin PBXSourcesBuildPhase section */
		7D1EDCF71C7F7F1E00CAFF19 /* Sources */ = {
			isa = PBXSourcesBuildPhase;
			buildActionMask = 2147483647;
			files = (
				7D1EDD011C7F7F1E00CAFF19 /* ViewController.swift in Sources */,
				7D1EDCFF1C7F7F1E00CAFF19 /* AppDelegate.swift in Sources */,
			);
			runOnlyForDeploymentPostprocessing = 0;
		};
		7D1EDD0B1C7F7F1E00CAFF19 /* Sources */ = {
			isa = PBXSourcesBuildPhase;
			buildActionMask = 2147483647;
			files = (
				7D1EDD141C7F7F1E00CAFF19 /* AlarmClockPracTests.swift in Sources */,
			);
			runOnlyForDeploymentPostprocessing = 0;
		};
		7D1EDD161C7F7F1E00CAFF19 /* Sources */ = {
			isa = PBXSourcesBuildPhase;
			buildActionMask = 2147483647;
			files = (
				7D1EDD1F1C7F7F1E00CAFF19 /* AlarmClockPracUITests.swift in Sources */,
			);
			runOnlyForDeploymentPostprocessing = 0;
		};
/* End PBXSourcesBuildPhase section */

/* Begin PBXTargetDependency section */
		7D1EDD111C7F7F1E00CAFF19 /* PBXTargetDependency */ = {
			isa = PBXTargetDependency;
			target = 7D1EDCFA1C7F7F1E00CAFF19 /* AlarmClockPrac */;
			targetProxy = 7D1EDD101C7F7F1E00CAFF19 /* PBXContainerItemProxy */;
		};
		7D1EDD1C1C7F7F1E00CAFF19 /* PBXTargetDependency */ = {
			isa = PBXTargetDependency;
			target = 7D1EDCFA1C7F7F1E00CAFF19 /* AlarmClockPrac */;
			targetProxy = 7D1EDD1B1C7F7F1E00CAFF19 /* PBXContainerItemProxy */;
		};
/* End PBXTargetDependency section */

/* Begin PBXVariantGroup section */
		7D1EDD021C7F7F1E00CAFF19 /* Main.storyboard */ = {
			isa = PBXVariantGroup;
			children = (
				7D1EDD031C7F7F1E00CAFF19 /* Base */,
			);
			name = Main.storyboard;
			sourceTree = "<group>";
		};
		7D1EDD071C7F7F1E00CAFF19 /* LaunchScreen.storyboard */ = {
			isa = PBXVariantGroup;
			children = (
				7D1EDD081C7F7F1E00CAFF19 /* Base */,
			);
			name = LaunchScreen.storyboard;
			sourceTree = "<group>";
		};
/* End PBXVariantGroup section */

/* Begin XCBuildConfiguration section */
		7D1EDD211C7F7F1E00CAFF19 /* Debug */ = {
			isa = XCBuildConfiguration;
			buildSettings = {
				ALWAYS_SEARCH_USER_PATHS = NO;
				CLANG_CXX_LANGUAGE_STANDARD = "gnu++0x";
				CLANG_CXX_LIBRARY = "libc++";
				CLANG_ENABLE_MODULES = YES;
				CLANG_ENABLE_OBJC_ARC = YES;
				CLANG_WARN_BOOL_CONVERSION = YES;
				CLANG_WARN_CONSTANT_CONVERSION = YES;
				CLANG_WARN_DIRECT_OBJC_ISA_USAGE = YES_ERROR;
				CLANG_WARN_EMPTY_BODY = YES;
				CLANG_WARN_ENUM_CONVERSION = YES;
				CLANG_WARN_INT_CONVERSION = YES;
				CLANG_WARN_OBJC_ROOT_CLASS = YES_ERROR;
				CLANG_WARN_UNREACHABLE_CODE = YES;
				CLANG_WARN__DUPLICATE_METHOD_MATCH = YES;
				"CODE_SIGN_IDENTITY[sdk=iphoneos*]" = "iPhone Developer";
				COPY_PHASE_STRIP = NO;
				DEBUG_INFORMATION_FORMAT = dwarf;
				ENABLE_STRICT_OBJC_MSGSEND = YES;
				ENABLE_TESTABILITY = YES;
				GCC_C_LANGUAGE_STANDARD = gnu99;
				GCC_DYNAMIC_NO_PIC = NO;
				GCC_NO_COMMON_BLOCKS = YES;
				GCC_OPTIMIZATION_LEVEL = 0;
				GCC_PREPROCESSOR_DEFINITIONS = (
					"DEBUG=1",
					"$(inherited)",
				);
				GCC_WARN_64_TO_32_BIT_CONVERSION = YES;
				GCC_WARN_ABOUT_RETURN_TYPE = YES_ERROR;
				GCC_WARN_UNDECLARED_SELECTOR = YES;
				GCC_WARN_UNINITIALIZED_AUTOS = YES_AGGRESSIVE;
				GCC_WARN_UNUSED_FUNCTION = YES;
				GCC_WARN_UNUSED_VARIABLE = YES;
				IPHONEOS_DEPLOYMENT_TARGET = 9.2;
				MTL_ENABLE_DEBUG_INFO = YES;
				ONLY_ACTIVE_ARCH = YES;
				SDKROOT = iphoneos;
				SWIFT_OPTIMIZATION_LEVEL = "-Onone";
			};
			name = Debug;
		};
		7D1EDD221C7F7F1E00CAFF19 /* Release */ = {
			isa = XCBuildConfiguration;
			buildSettings = {
				ALWAYS_SEARCH_USER_PATHS = NO;
				CLANG_CXX_LANGUAGE_STANDARD = "gnu++0x";
				CLANG_CXX_LIBRARY = "libc++";
				CLANG_ENABLE_MODULES = YES;
				CLANG_ENABLE_OBJC_ARC = YES;
				CLANG_WARN_BOOL_CONVERSION = YES;
				CLANG_WARN_CONSTANT_CONVERSION = YES;
				CLANG_WARN_DIRECT_OBJC_ISA_USAGE = YES_ERROR;
				CLANG_WARN_EMPTY_BODY = YES;
				CLANG_WARN_ENUM_CONVERSION = YES;
				CLANG_WARN_INT_CONVERSION = YES;
				CLANG_WARN_OBJC_ROOT_CLASS = YES_ERROR;
				CLANG_WARN_UNREACHABLE_CODE = YES;
				CLANG_WARN__DUPLICATE_METHOD_MATCH = YES;
				"CODE_SIGN_IDENTITY[sdk=iphoneos*]" = "iPhone Developer";
				COPY_PHASE_STRIP = NO;
				DEBUG_INFORMATION_FORMAT = "dwarf-with-dsym";
				ENABLE_NS_ASSERTIONS = NO;
				ENABLE_STRICT_OBJC_MSGSEND = YES;
				GCC_C_LANGUAGE_STANDARD = gnu99;
				GCC_NO_COMMON_BLOCKS = YES;
				GCC_WARN_64_TO_32_BIT_CONVERSION = YES;
				GCC_WARN_ABOUT_RETURN_TYPE = YES_ERROR;
				GCC_WARN_UNDECLARED_SELECTOR = YES;
				GCC_WARN_UNINITIALIZED_AUTOS = YES_AGGRESSIVE;
				GCC_WARN_UNUSED_FUNCTION = YES;
				GCC_WARN_UNUSED_VARIABLE = YES;
				IPHONEOS_DEPLOYMENT_TARGET = 9.2;
				MTL_ENABLE_DEBUG_INFO = NO;
				SDKROOT = iphoneos;
				VALIDATE_PRODUCT = YES;
			};
			name = Release;
		};
		7D1EDD241C7F7F1E00CAFF19 /* Debug */ = {
			isa = XCBuildConfiguration;
			buildSettings = {
				ASSETCATALOG_COMPILER_APPICON_NAME = AppIcon;
				INFOPLIST_FILE = AlarmClockPrac/Info.plist;
				LD_RUNPATH_SEARCH_PATHS = "$(inherited) @executable_path/Frameworks";
				PRODUCT_BUNDLE_IDENTIFIER = Appsolutely.AlarmClockPrac;
				PRODUCT_NAME = "$(TARGET_NAME)";
			};
			name = Debug;
		};
		7D1EDD251C7F7F1E00CAFF19 /* Release */ = {
			isa = XCBuildConfiguration;
			buildSettings = {
				ASSETCATALOG_COMPILER_APPICON_NAME = AppIcon;
				INFOPLIST_FILE = AlarmClockPrac/Info.plist;
				LD_RUNPATH_SEARCH_PATHS = "$(inherited) @executable_path/Frameworks";
				PRODUCT_BUNDLE_IDENTIFIER = Appsolutely.AlarmClockPrac;
				PRODUCT_NAME = "$(TARGET_NAME)";
			};
			name = Release;
		};
		7D1EDD271C7F7F1E00CAFF19 /* Debug */ = {
			isa = XCBuildConfiguration;
			buildSettings = {
				BUNDLE_LOADER = "$(TEST_HOST)";
				INFOPLIST_FILE = AlarmClockPracTests/Info.plist;
				LD_RUNPATH_SEARCH_PATHS = "$(inherited) @executable_path/Frameworks @loader_path/Frameworks";
				PRODUCT_BUNDLE_IDENTIFIER = Appsolutely.AlarmClockPracTests;
				PRODUCT_NAME = "$(TARGET_NAME)";
				TEST_HOST = "$(BUILT_PRODUCTS_DIR)/AlarmClockPrac.app/AlarmClockPrac";
			};
			name = Debug;
		};
		7D1EDD281C7F7F1E00CAFF19 /* Release */ = {
			isa = XCBuildConfiguration;
			buildSettings = {
				BUNDLE_LOADER = "$(TEST_HOST)";
				INFOPLIST_FILE = AlarmClockPracTests/Info.plist;
				LD_RUNPATH_SEARCH_PATHS = "$(inherited) @executable_path/Frameworks @loader_path/Frameworks";
				PRODUCT_BUNDLE_IDENTIFIER = Appsolutely.AlarmClockPracTests;
				PRODUCT_NAME = "$(TARGET_NAME)";
				TEST_HOST = "$(BUILT_PRODUCTS_DIR)/AlarmClockPrac.app/AlarmClockPrac";
			};
			name = Release;
		};
		7D1EDD2A1C7F7F1E00CAFF19 /* Debug */ = {
			isa = XCBuildConfiguration;
			buildSettings = {
				INFOPLIST_FILE = AlarmClockPracUITests/Info.plist;
				LD_RUNPATH_SEARCH_PATHS = "$(inherited) @executable_path/Frameworks @loader_path/Frameworks";
				PRODUCT_BUNDLE_IDENTIFIER = Appsolutely.AlarmClockPracUITests;
				PRODUCT_NAME = "$(TARGET_NAME)";
				TEST_TARGET_NAME = AlarmClockPrac;
				USES_XCTRUNNER = YES;
			};
			name = Debug;
		};
		7D1EDD2B1C7F7F1E00CAFF19 /* Release */ = {
			isa = XCBuildConfiguration;
			buildSettings = {
				INFOPLIST_FILE = AlarmClockPracUITests/Info.plist;
				LD_RUNPATH_SEARCH_PATHS = "$(inherited) @executable_path/Frameworks @loader_path/Frameworks";
				PRODUCT_BUNDLE_IDENTIFIER = Appsolutely.AlarmClockPracUITests;
				PRODUCT_NAME = "$(TARGET_NAME)";
				TEST_TARGET_NAME = AlarmClockPrac;
				USES_XCTRUNNER = YES;
			};
			name = Release;
		};
/* End XCBuildConfiguration section */

/* Begin XCConfigurationList section */
		7D1EDCF61C7F7F1E00CAFF19 /* Build configuration list for PBXProject "AlarmClockPrac" */ = {
			isa = XCConfigurationList;
			buildConfigurations = (
				7D1EDD211C7F7F1E00CAFF19 /* Debug */,
				7D1EDD221C7F7F1E00CAFF19 /* Release */,
			);
			defaultConfigurationIsVisible = 0;
			defaultConfigurationName = Release;
		};
		7D1EDD231C7F7F1E00CAFF19 /* Build configuration list for PBXNativeTarget "AlarmClockPrac" */ = {
			isa = XCConfigurationList;
			buildConfigurations = (
				7D1EDD241C7F7F1E00CAFF19 /* Debug */,
				7D1EDD251C7F7F1E00CAFF19 /* Release */,
			);
			defaultConfigurationIsVisible = 0;
		};
		7D1EDD261C7F7F1E00CAFF19 /* Build configuration list for PBXNativeTarget "AlarmClockPracTests" */ = {
			isa = XCConfigurationList;
			buildConfigurations = (
				7D1EDD271C7F7F1E00CAFF19 /* Debug */,
				7D1EDD281C7F7F1E00CAFF19 /* Release */,
			);
			defaultConfigurationIsVisible = 0;
		};
		7D1EDD291C7F7F1E00CAFF19 /* Build configuration list for PBXNativeTarget "AlarmClockPracUITests" */ = {
			isa = XCConfigurationList;
			buildConfigurations = (
				7D1EDD2A1C7F7F1E00CAFF19 /* Debug */,
				7D1EDD2B1C7F7F1E00CAFF19 /* Release */,
			);
			defaultConfigurationIsVisible = 0;
		};
/* End XCConfigurationList section */
	};
	rootObject = 7D1EDCF31C7F7F1E00CAFF19 /* Project object */;
}
